// !$*UTF8*$!
{
	archiveVersion = 1;
	classes = {
	};
	objectVersion = 50;
	objects = {

/* Begin PBXBuildFile section */
		F1EE512624FED179001C6C4F /* AppDelegate.swift in Sources */ = {isa = PBXBuildFile; fileRef = F1EE512524FED179001C6C4F /* AppDelegate.swift */; };
		F1EE512824FED179001C6C4F /* SceneDelegate.swift in Sources */ = {isa = PBXBuildFile; fileRef = F1EE512724FED179001C6C4F /* SceneDelegate.swift */; };
		F1EE512A24FED179001C6C4F /* ViewController.swift in Sources */ = {isa = PBXBuildFile; fileRef = F1EE512924FED179001C6C4F /* ViewController.swift */; };
		F1EE512D24FED179001C6C4F /* Main.storyboard in Resources */ = {isa = PBXBuildFile; fileRef = F1EE512B24FED179001C6C4F /* Main.storyboard */; };
		F1EE512F24FED17A001C6C4F /* Assets.xcassets in Resources */ = {isa = PBXBuildFile; fileRef = F1EE512E24FED17A001C6C4F /* Assets.xcassets */; };
		F1EE513224FED17A001C6C4F /* LaunchScreen.storyboard in Resources */ = {isa = PBXBuildFile; fileRef = F1EE513024FED17A001C6C4F /* LaunchScreen.storyboard */; };
		F1EE515424FED692001C6C4F /* nigeria@3x.png in Resources */ = {isa = PBXBuildFile; fileRef = F1EE513C24FED692001C6C4F /* nigeria@3x.png */; };
		F1EE515524FED692001C6C4F /* spain@3x.png in Resources */ = {isa = PBXBuildFile; fileRef = F1EE513D24FED692001C6C4F /* spain@3x.png */; };
		F1EE515624FED692001C6C4F /* italy@3x.png in Resources */ = {isa = PBXBuildFile; fileRef = F1EE513E24FED692001C6C4F /* italy@3x.png */; };
		F1EE515824FED692001C6C4F /* germany@3x.png in Resources */ = {isa = PBXBuildFile; fileRef = F1EE514024FED692001C6C4F /* germany@3x.png */; };
		F1EE515A24FED692001C6C4F /* ireland@3x.png in Resources */ = {isa = PBXBuildFile; fileRef = F1EE514224FED692001C6C4F /* ireland@3x.png */; };
		F1EE515F24FED692001C6C4F /* estonia@3x.png in Resources */ = {isa = PBXBuildFile; fileRef = F1EE514724FED692001C6C4F /* estonia@3x.png */; };
		F1EE516024FED692001C6C4F /* russia@3x.png in Resources */ = {isa = PBXBuildFile; fileRef = F1EE514824FED692001C6C4F /* russia@3x.png */; };
		F1EE516124FED692001C6C4F /* poland@3x.png in Resources */ = {isa = PBXBuildFile; fileRef = F1EE514924FED692001C6C4F /* poland@3x.png */; };
		F1EE516224FED692001C6C4F /* uk@3x.png in Resources */ = {isa = PBXBuildFile; fileRef = F1EE514A24FED692001C6C4F /* uk@3x.png */; };
		F1EE516324FED692001C6C4F /* us@3x.png in Resources */ = {isa = PBXBuildFile; fileRef = F1EE514B24FED692001C6C4F /* us@3x.png */; };
		F1EE516424FED692001C6C4F /* france@3x.png in Resources */ = {isa = PBXBuildFile; fileRef = F1EE514C24FED692001C6C4F /* france@3x.png */; };
		F1EE516624FED692001C6C4F /* monaco@3x.png in Resources */ = {isa = PBXBuildFile; fileRef = F1EE514E24FED692001C6C4F /* monaco@3x.png */; };
		F1EE516B24FEE001001C6C4F /* DetailViewController.swift in Sources */ = {isa = PBXBuildFile; fileRef = F1EE516A24FEE001001C6C4F /* DetailViewController.swift */; };
/* End PBXBuildFile section */

/* Begin PBXFileReference section */
		F1EE512224FED179001C6C4F /* Challenge1.app */ = {isa = PBXFileReference; explicitFileType = wrapper.application; includeInIndex = 0; path = Challenge1.app; sourceTree = BUILT_PRODUCTS_DIR; };
		F1EE512524FED179001C6C4F /* AppDelegate.swift */ = {isa = PBXFileReference; lastKnownFileType = sourcecode.swift; path = AppDelegate.swift; sourceTree = "<group>"; };
		F1EE512724FED179001C6C4F /* SceneDelegate.swift */ = {isa = PBXFileReference; lastKnownFileType = sourcecode.swift; path = SceneDelegate.swift; sourceTree = "<group>"; };
		F1EE512924FED179001C6C4F /* ViewController.swift */ = {isa = PBXFileReference; lastKnownFileType = sourcecode.swift; path = ViewController.swift; sourceTree = "<group>"; };
		F1EE512C24FED179001C6C4F /* Base */ = {isa = PBXFileReference; lastKnownFileType = file.storyboard; name = Base; path = Base.lproj/Main.storyboard; sourceTree = "<group>"; };
		F1EE512E24FED17A001C6C4F /* Assets.xcassets */ = {isa = PBXFileReference; lastKnownFileType = folder.assetcatalog; path = Assets.xcassets; sourceTree = "<group>"; };
		F1EE513124FED17A001C6C4F /* Base */ = {isa = PBXFileReference; lastKnownFileType = file.storyboard; name = Base; path = Base.lproj/LaunchScreen.storyboard; sourceTree = "<group>"; };
		F1EE513324FED17A001C6C4F /* Info.plist */ = {isa = PBXFileReference; lastKnownFileType = text.plist.xml; path = Info.plist; sourceTree = "<group>"; };
		F1EE513C24FED692001C6C4F /* nigeria@3x.png */ = {isa = PBXFileReference; lastKnownFileType = image.png; path = "nigeria@3x.png"; sourceTree = "<group>"; };
		F1EE513D24FED692001C6C4F /* spain@3x.png */ = {isa = PBXFileReference; lastKnownFileType = image.png; path = "spain@3x.png"; sourceTree = "<group>"; };
		F1EE513E24FED692001C6C4F /* italy@3x.png */ = {isa = PBXFileReference; lastKnownFileType = image.png; path = "italy@3x.png"; sourceTree = "<group>"; };
		F1EE514024FED692001C6C4F /* germany@3x.png */ = {isa = PBXFileReference; lastKnownFileType = image.png; path = "germany@3x.png"; sourceTree = "<group>"; };
		F1EE514224FED692001C6C4F /* ireland@3x.png */ = {isa = PBXFileReference; lastKnownFileType = image.png; path = "ireland@3x.png"; sourceTree = "<group>"; };
		F1EE514724FED692001C6C4F /* estonia@3x.png */ = {isa = PBXFileReference; lastKnownFileType = image.png; path = "estonia@3x.png"; sourceTree = "<group>"; };
		F1EE514824FED692001C6C4F /* russia@3x.png */ = {isa = PBXFileReference; lastKnownFileType = image.png; path = "russia@3x.png"; sourceTree = "<group>"; };
		F1EE514924FED692001C6C4F /* poland@3x.png */ = {isa = PBXFileReference; lastKnownFileType = image.png; path = "poland@3x.png"; sourceTree = "<group>"; };
		F1EE514A24FED692001C6C4F /* uk@3x.png */ = {isa = PBXFileReference; lastKnownFileType = image.png; path = "uk@3x.png"; sourceTree = "<group>"; };
		F1EE514B24FED692001C6C4F /* us@3x.png */ = {isa = PBXFileReference; lastKnownFileType = image.png; path = "us@3x.png"; sourceTree = "<group>"; };
		F1EE514C24FED692001C6C4F /* france@3x.png */ = {isa = PBXFileReference; lastKnownFileType = image.png; path = "france@3x.png"; sourceTree = "<group>"; };
		F1EE514E24FED692001C6C4F /* monaco@3x.png */ = {isa = PBXFileReference; lastKnownFileType = image.png; path = "monaco@3x.png"; sourceTree = "<group>"; };
		F1EE516A24FEE001001C6C4F /* DetailViewController.swift */ = {isa = PBXFileReference; lastKnownFileType = sourcecode.swift; path = DetailViewController.swift; sourceTree = "<group>"; };
/* End PBXFileReference section */

/* Begin PBXFrameworksBuildPhase section */
		F1EE511F24FED179001C6C4F /* Frameworks */ = {
			isa = PBXFrameworksBuildPhase;
			buildActionMask = 2147483647;
			files = (
			);
			runOnlyForDeploymentPostprocessing = 0;
		};
/* End PBXFrameworksBuildPhase section */

/* Begin PBXGroup section */
		F1EE511924FED179001C6C4F = {
			isa = PBXGroup;
			children = (
				F1EE512424FED179001C6C4F /* Challenge1 */,
				F1EE512324FED179001C6C4F /* Products */,
			);
			sourceTree = "<group>";
		};
		F1EE512324FED179001C6C4F /* Products */ = {
			isa = PBXGroup;
			children = (
				F1EE512224FED179001C6C4F /* Challenge1.app */,
			);
			name = Products;
			sourceTree = "<group>";
		};
		F1EE512424FED179001C6C4F /* Challenge1 */ = {
			isa = PBXGroup;
			children = (
				F1EE512524FED179001C6C4F /* AppDelegate.swift */,
				F1EE512724FED179001C6C4F /* SceneDelegate.swift */,
				F1EE512924FED179001C6C4F /* ViewController.swift */,
				F1EE516A24FEE001001C6C4F /* DetailViewController.swift */,
				F1EE512B24FED179001C6C4F /* Main.storyboard */,
				F1EE512E24FED17A001C6C4F /* Assets.xcassets */,
				F1EE513024FED17A001C6C4F /* LaunchScreen.storyboard */,
				F1EE513924FED692001C6C4F /* Challenge1 */,
				F1EE513324FED17A001C6C4F /* Info.plist */,
			);
			path = Challenge1;
			sourceTree = "<group>";
		};
		F1EE513924FED692001C6C4F /* Challenge1 */ = {
			isa = PBXGroup;
			children = (
				F1EE513C24FED692001C6C4F /* nigeria@3x.png */,
				F1EE513D24FED692001C6C4F /* spain@3x.png */,
				F1EE513E24FED692001C6C4F /* italy@3x.png */,
				F1EE514024FED692001C6C4F /* germany@3x.png */,
				F1EE514224FED692001C6C4F /* ireland@3x.png */,
				F1EE514724FED692001C6C4F /* estonia@3x.png */,
				F1EE514824FED692001C6C4F /* russia@3x.png */,
				F1EE514924FED692001C6C4F /* poland@3x.png */,
				F1EE514A24FED692001C6C4F /* uk@3x.png */,
				F1EE514B24FED692001C6C4F /* us@3x.png */,
				F1EE514C24FED692001C6C4F /* france@3x.png */,
				F1EE514E24FED692001C6C4F /* monaco@3x.png */,
			);
			path = Challenge1;
			sourceTree = "<group>";
		};
/* End PBXGroup section */

/* Begin PBXNativeTarget section */
		F1EE512124FED179001C6C4F /* Challenge1 */ = {
			isa = PBXNativeTarget;
			buildConfigurationList = F1EE513624FED17A001C6C4F /* Build configuration list for PBXNativeTarget "Challenge1" */;
			buildPhases = (
				F1EE511E24FED179001C6C4F /* Sources */,
				F1EE511F24FED179001C6C4F /* Frameworks */,
				F1EE512024FED179001C6C4F /* Resources */,
			);
			buildRules = (
			);
			dependencies = (
			);
			name = Challenge1;
			productName = Challenge1;
			productReference = F1EE512224FED179001C6C4F /* Challenge1.app */;
			productType = "com.apple.product-type.application";
		};
/* End PBXNativeTarget section */

/* Begin PBXProject section */
		F1EE511A24FED179001C6C4F /* Project object */ = {
			isa = PBXProject;
			attributes = {
				LastSwiftUpdateCheck = 1200;
				LastUpgradeCheck = 1200;
				TargetAttributes = {
					F1EE512124FED179001C6C4F = {
						CreatedOnToolsVersion = 12.0;
					};
				};
			};
			buildConfigurationList = F1EE511D24FED179001C6C4F /* Build configuration list for PBXProject "Challenge1" */;
			compatibilityVersion = "Xcode 9.3";
			developmentRegion = en;
			hasScannedForEncodings = 0;
			knownRegions = (
				en,
				Base,
			);
			mainGroup = F1EE511924FED179001C6C4F;
			productRefGroup = F1EE512324FED179001C6C4F /* Products */;
			projectDirPath = "";
			projectRoot = "";
			targets = (
				F1EE512124FED179001C6C4F /* Challenge1 */,
			);
		};
/* End PBXProject section */

/* Begin PBXResourcesBuildPhase section */
		F1EE512024FED179001C6C4F /* Resources */ = {
			isa = PBXResourcesBuildPhase;
			buildActionMask = 2147483647;
			files = (
				F1EE516624FED692001C6C4F /* monaco@3x.png in Resources */,
				F1EE515424FED692001C6C4F /* nigeria@3x.png in Resources */,
				F1EE516124FED692001C6C4F /* poland@3x.png in Resources */,
				F1EE516224FED692001C6C4F /* uk@3x.png in Resources */,
				F1EE515824FED692001C6C4F /* germany@3x.png in Resources */,
				F1EE513224FED17A001C6C4F /* LaunchScreen.storyboard in Resources */,
				F1EE512F24FED17A001C6C4F /* Assets.xcassets in Resources */,
				F1EE515624FED692001C6C4F /* italy@3x.png in Resources */,
				F1EE515F24FED692001C6C4F /* estonia@3x.png in Resources */,
				F1EE512D24FED179001C6C4F /* Main.storyboard in Resources */,
				F1EE516324FED692001C6C4F /* us@3x.png in Resources */,
				F1EE515524FED692001C6C4F /* spain@3x.png in Resources */,
				F1EE516024FED692001C6C4F /* russia@3x.png in Resources */,
				F1EE516424FED692001C6C4F /* france@3x.png in Resources */,
				F1EE515A24FED692001C6C4F /* ireland@3x.png in Resources */,
			);
			runOnlyForDeploymentPostprocessing = 0;
		};
/* End PBXResourcesBuildPhase section */

/* Begin PBXSourcesBuildPhase section */
		F1EE511E24FED179001C6C4F /* Sources */ = {
			isa = PBXSourcesBuildPhase;
			buildActionMask = 2147483647;
			files = (
				F1EE512A24FED179001C6C4F /* ViewController.swift in Sources */,
				F1EE512624FED179001C6C4F /* AppDelegate.swift in Sources */,
				F1EE512824FED179001C6C4F /* SceneDelegate.swift in Sources */,
				F1EE516B24FEE001001C6C4F /* DetailViewController.swift in Sources */,
			);
			runOnlyForDeploymentPostprocessing = 0;
		};
/* End PBXSourcesBuildPhase section */

/* Begin PBXVariantGroup section */
		F1EE512B24FED179001C6C4F /* Main.storyboard */ = {
			isa = PBXVariantGroup;
			children = (
				F1EE512C24FED179001C6C4F /* Base */,
			);
			name = Main.storyboard;
			sourceTree = "<group>";
		};
		F1EE513024FED17A001C6C4F /* LaunchScreen.storyboard */ = {
			isa = PBXVariantGroup;
			children = (
				F1EE513124FED17A001C6C4F /* Base */,
			);
			name = LaunchScreen.storyboard;
			sourceTree = "<group>";
		};
/* End PBXVariantGroup section */

/* Begin XCBuildConfiguration section */
		F1EE513424FED17A001C6C4F /* Debug */ = {
			isa = XCBuildConfiguration;
			buildSettings = {
				ALWAYS_SEARCH_USER_PATHS = NO;
				CLANG_ANALYZER_NONNULL = YES;
				CLANG_ANALYZER_NUMBER_OBJECT_CONVERSION = YES_AGGRESSIVE;
				CLANG_CXX_LANGUAGE_STANDARD = "gnu++14";
				CLANG_CXX_LIBRARY = "libc++";
				CLANG_ENABLE_MODULES = YES;
				CLANG_ENABLE_OBJC_ARC = YES;
				CLANG_ENABLE_OBJC_WEAK = YES;
				CLANG_WARN_BLOCK_CAPTURE_AUTORELEASING = YES;
				CLANG_WARN_BOOL_CONVERSION = YES;
				CLANG_WARN_COMMA = YES;
				CLANG_WARN_CONSTANT_CONVERSION = YES;
				CLANG_WARN_DEPRECATED_OBJC_IMPLEMENTATIONS = YES;
				CLANG_WARN_DIRECT_OBJC_ISA_USAGE = YES_ERROR;
				CLANG_WARN_DOCUMENTATION_COMMENTS = YES;
				CLANG_WARN_EMPTY_BODY = YES;
				CLANG_WARN_ENUM_CONVERSION = YES;
				CLANG_WARN_INFINITE_RECURSION = YES;
				CLANG_WARN_INT_CONVERSION = YES;
				CLANG_WARN_NON_LITERAL_NULL_CONVERSION = YES;
				CLANG_WARN_OBJC_IMPLICIT_RETAIN_SELF = YES;
				CLANG_WARN_OBJC_LITERAL_CONVERSION = YES;
				CLANG_WARN_OBJC_ROOT_CLASS = YES_ERROR;
				CLANG_WARN_QUOTED_INCLUDE_IN_FRAMEWORK_HEADER = YES;
				CLANG_WARN_RANGE_LOOP_ANALYSIS = YES;
				CLANG_WARN_STRICT_PROTOTYPES = YES;
				CLANG_WARN_SUSPICIOUS_MOVE = YES;
				CLANG_WARN_UNGUARDED_AVAILABILITY = YES_AGGRESSIVE;
				CLANG_WARN_UNREACHABLE_CODE = YES;
				CLANG_WARN__DUPLICATE_METHOD_MATCH = YES;
				COPY_PHASE_STRIP = NO;
				DEBUG_INFORMATION_FORMAT = dwarf;
				ENABLE_STRICT_OBJC_MSGSEND = YES;
				ENABLE_TESTABILITY = YES;
				GCC_C_LANGUAGE_STANDARD = gnu11;
				GCC_DYNAMIC_NO_PIC = NO;
				GCC_NO_COMMON_BLOCKS = YES;
				GCC_OPTIMIZATION_LEVEL = 0;
				GCC_PREPROCESSOR_DEFINITIONS = (
					"DEBUG=1",
					"$(inherited)",
				);
				GCC_WARN_64_TO_32_BIT_CONVERSION = YES;
				GCC_WARN_ABOUT_RETURN_TYPE = YES_ERROR;
				GCC_WARN_UNDECLARED_SELECTOR = YES;
				GCC_WARN_UNINITIALIZED_AUTOS = YES_AGGRESSIVE;
				GCC_WARN_UNUSED_FUNCTION = YES;
				GCC_WARN_UNUSED_VARIABLE = YES;
				IPHONEOS_DEPLOYMENT_TARGET = 14.0;
				MTL_ENABLE_DEBUG_INFO = INCLUDE_SOURCE;
				MTL_FAST_MATH = YES;
				ONLY_ACTIVE_ARCH = YES;
				SDKROOT = iphoneos;
				SWIFT_ACTIVE_COMPILATION_CONDITIONS = DEBUG;
				SWIFT_OPTIMIZATION_LEVEL = "-Onone";
			};
			name = Debug;
		};
		F1EE513524FED17A001C6C4F /* Release */ = {
			isa = XCBuildConfiguration;
			buildSettings = {
				ALWAYS_SEARCH_USER_PATHS = NO;
				CLANG_ANALYZER_NONNULL = YES;
				CLANG_ANALYZER_NUMBER_OBJECT_CONVERSION = YES_AGGRESSIVE;
				CLANG_CXX_LANGUAGE_STANDARD = "gnu++14";
				CLANG_CXX_LIBRARY = "libc++";
				CLANG_ENABLE_MODULES = YES;
				CLANG_ENABLE_OBJC_ARC = YES;
				CLANG_ENABLE_OBJC_WEAK = YES;
				CLANG_WARN_BLOCK_CAPTURE_AUTORELEASING = YES;
				CLANG_WARN_BOOL_CONVERSION = YES;
				CLANG_WARN_COMMA = YES;
				CLANG_WARN_CONSTANT_CONVERSION = YES;
				CLANG_WARN_DEPRECATED_OBJC_IMPLEMENTATIONS = YES;
				CLANG_WARN_DIRECT_OBJC_ISA_USAGE = YES_ERROR;
				CLANG_WARN_DOCUMENTATION_COMMENTS = YES;
				CLANG_WARN_EMPTY_BODY = YES;
				CLANG_WARN_ENUM_CONVERSION = YES;
				CLANG_WARN_INFINITE_RECURSION = YES;
				CLANG_WARN_INT_CONVERSION = YES;
				CLANG_WARN_NON_LITERAL_NULL_CONVERSION = YES;
				CLANG_WARN_OBJC_IMPLICIT_RETAIN_SELF = YES;
				CLANG_WARN_OBJC_LITERAL_CONVERSION = YES;
				CLANG_WARN_OBJC_ROOT_CLASS = YES_ERROR;
				CLANG_WARN_QUOTED_INCLUDE_IN_FRAMEWORK_HEADER = YES;
				CLANG_WARN_RANGE_LOOP_ANALYSIS = YES;
				CLANG_WARN_STRICT_PROTOTYPES = YES;
				CLANG_WARN_SUSPICIOUS_MOVE = YES;
				CLANG_WARN_UNGUARDED_AVAILABILITY = YES_AGGRESSIVE;
				CLANG_WARN_UNREACHABLE_CODE = YES;
				CLANG_WARN__DUPLICATE_METHOD_MATCH = YES;
				COPY_PHASE_STRIP = NO;
				DEBUG_INFORMATION_FORMAT = "dwarf-with-dsym";
				ENABLE_NS_ASSERTIONS = NO;
				ENABLE_STRICT_OBJC_MSGSEND = YES;
				GCC_C_LANGUAGE_STANDARD = gnu11;
				GCC_NO_COMMON_BLOCKS = YES;
				GCC_WARN_64_TO_32_BIT_CONVERSION = YES;
				GCC_WARN_ABOUT_RETURN_TYPE = YES_ERROR;
				GCC_WARN_UNDECLARED_SELECTOR = YES;
				GCC_WARN_UNINITIALIZED_AUTOS = YES_AGGRESSIVE;
				GCC_WARN_UNUSED_FUNCTION = YES;
				GCC_WARN_UNUSED_VARIABLE = YES;
				IPHONEOS_DEPLOYMENT_TARGET = 14.0;
				MTL_ENABLE_DEBUG_INFO = NO;
				MTL_FAST_MATH = YES;
				SDKROOT = iphoneos;
				SWIFT_COMPILATION_MODE = wholemodule;
				SWIFT_OPTIMIZATION_LEVEL = "-O";
				VALIDATE_PRODUCT = YES;
			};
			name = Release;
		};
		F1EE513724FED17A001C6C4F /* Debug */ = {
			isa = XCBuildConfiguration;
			buildSettings = {
				ASSETCATALOG_COMPILER_APPICON_NAME = AppIcon;
				ASSETCATALOG_COMPILER_GLOBAL_ACCENT_COLOR_NAME = AccentColor;
				CODE_SIGN_STYLE = Automatic;
				DEVELOPMENT_TEAM = 6JW3YQAPPF;
				INFOPLIST_FILE = Challenge1/Info.plist;
				LD_RUNPATH_SEARCH_PATHS = (
					"$(inherited)",
					"@executable_path/Frameworks",
				);
				PRODUCT_BUNDLE_IDENTIFIER = me.altmurzilka.Challenge1;
				PRODUCT_NAME = "$(TARGET_NAME)";
				SWIFT_VERSION = 5.0;
				TARGETED_DEVICE_FAMILY = "1,2";
			};
			name = Debug;
		};
		F1EE513824FED17A001C6C4F /* Release */ = {
			isa = XCBuildConfiguration;
			buildSettings = {
				ASSETCATALOG_COMPILER_APPICON_NAME = AppIcon;
				ASSETCATALOG_COMPILER_GLOBAL_ACCENT_COLOR_NAME = AccentColor;
				CODE_SIGN_STYLE = Automatic;
				DEVELOPMENT_TEAM = 6JW3YQAPPF;
				INFOPLIST_FILE = Challenge1/Info.plist;
				LD_RUNPATH_SEARCH_PATHS = (
					"$(inherited)",
					"@executable_path/Frameworks",
				);
				PRODUCT_BUNDLE_IDENTIFIER = me.altmurzilka.Challenge1;
				PRODUCT_NAME = "$(TARGET_NAME)";
				SWIFT_VERSION = 5.0;
				TARGETED_DEVICE_FAMILY = "1,2";
			};
			name = Release;
		};
/* End XCBuildConfiguration section */

/* Begin XCConfigurationList section */
		F1EE511D24FED179001C6C4F /* Build configuration list for PBXProject "Challenge1" */ = {
			isa = XCConfigurationList;
			buildConfigurations = (
				F1EE513424FED17A001C6C4F /* Debug */,
				F1EE513524FED17A001C6C4F /* Release */,
			);
			defaultConfigurationIsVisible = 0;
			defaultConfigurationName = Release;
		};
		F1EE513624FED17A001C6C4F /* Build configuration list for PBXNativeTarget "Challenge1" */ = {
			isa = XCConfigurationList;
			buildConfigurations = (
				F1EE513724FED17A001C6C4F /* Debug */,
				F1EE513824FED17A001C6C4F /* Release */,
			);
			defaultConfigurationIsVisible = 0;
			defaultConfigurationName = Release;
		};
/* End XCConfigurationList section */
	};
	rootObject = F1EE511A24FED179001C6C4F /* Project object */;
}
